<Solution>
  <Folder Name="/.github/" />
  <Folder Name="/.github/workflows/">
    <File Path=".github/workflows/ci.yml" />
  </Folder>
  <Folder Name="/docs/" />
  <Folder Name="/docs/specs/" />
  <Folder Name="/docs/specs/bid-lifecycle/">
    <File Path="docs/specs/bid-lifecycle/spec.md" />
  </Folder>
  <Folder Name="/docs/specs/book-processing/">
    <File Path="docs/specs/book-processing/spec.md" />
  </Folder>
  <Folder Name="/docs/specs/offer-lifecycle/">
    <File Path="docs/specs/offer-lifecycle/spec.md" />
  </Folder>
  <Folder Name="/SolutionItems/">
    <File Path=".editorconfig" />
    <File Path=".gitattributes" />
    <File Path=".gitignore" />
    <File Path="CLAUDE.md" />
    <File Path="Directory.Build.props" />
    <File Path="Directory.Packages.props" />
    <File Path="global.json" />
    <File Path="README.md" />
  </Folder>
  <Folder Name="/src/">
    <Project Path="src/AppHost/AppHost.csproj" />
    <Project Path="src/BookBuilding/BookBuilding.csproj" />
    <File Path="src/CLAUDE.md" />
    <Project Path="src/DataMigration/DataMigration.csproj" />
    <Project Path="src/Offering/Offering.csproj" />
    <Project Path="src/ServiceDefaults/ServiceDefaults.csproj" />
  </Folder>
  <Folder Name="/tests/">
    <File Path="tests/CLAUDE.md" />
    <Project Path="tests/IntegrationTests/IntegrationTests.csproj" />
    <Project Path="tests/UnitTests/UnitTests.csproj" />
  </Folder>
</Solution>
