<Solution>
  <Folder Name="/.claude/" />
  <Folder Name="/.claude/rules/">
    <File Path=".claude/rules/program-composition.md" />
    <File Path=".claude/rules/tracing.md" />
  </Folder>
  <Folder Name="/.claude/skills/" />
  <Folder Name="/.claude/skills/prd-writer/">
    <File Path=".claude/skills/prd-writer/SKILL.md" />
  </Folder>
  <Folder Name="/.claude/skills/prd-writer/references/">
    <File Path=".claude/skills/prd-writer/references/example.md" />
    <File Path=".claude/skills/prd-writer/references/intake.md" />
    <File Path=".claude/skills/prd-writer/references/output.md" />
    <File Path=".claude/skills/prd-writer/references/review.md" />
    <File Path=".claude/skills/prd-writer/references/writing.md" />
  </Folder>
  <Folder Name="/.claude/skills/prd-writer/scripts/">
    <File Path=".claude/skills/prd-writer/scripts/lint_mermaid.py" />
    <File Path=".claude/skills/prd-writer/scripts/lint_prd.py" />
    <File Path=".claude/skills/prd-writer/scripts/seq.py" />
  </Folder>
  <Folder Name="/.claude/skills/prd-writer/scripts/mermaid-parser/">
    <File Path=".claude/skills/prd-writer/scripts/mermaid-parser/package-lock.json" />
    <File Path=".claude/skills/prd-writer/scripts/mermaid-parser/package.json" />
    <File Path=".claude/skills/prd-writer/scripts/mermaid-parser/parse.mjs" />
  </Folder>
  <Folder Name="/.claude/skills/prd-writer/scripts/tests/">
    <File Path=".claude/skills/prd-writer/scripts/tests/__init__.py" />
    <File Path=".claude/skills/prd-writer/scripts/tests/test_docs_consistency.py" />
    <File Path=".claude/skills/prd-writer/scripts/tests/test_lint_mermaid.py" />
    <File Path=".claude/skills/prd-writer/scripts/tests/test_lint_prd.py" />
    <File Path=".claude/skills/prd-writer/scripts/tests/test_seq.py" />
  </Folder>
  <Folder Name="/.claude/skills/spec-driven/">
    <File Path=".claude/skills/spec-driven/SKILL.md" />
  </Folder>
  <Folder Name="/.claude/skills/spec-driven/references/">
    <File Path=".claude/skills/spec-driven/references/design.md" />
    <File Path=".claude/skills/spec-driven/references/execute.md" />
    <File Path=".claude/skills/spec-driven/references/memory.md" />
    <File Path=".claude/skills/spec-driven/references/modes.md" />
    <File Path=".claude/skills/spec-driven/references/specify.md" />
    <File Path=".claude/skills/spec-driven/references/tasks.md" />
    <File Path=".claude/skills/spec-driven/references/verify.md" />
  </Folder>
  <Folder Name="/.claude/skills/spec-driven/scripts/">
    <File Path=".claude/skills/spec-driven/scripts/_common.py" />
    <File Path=".claude/skills/spec-driven/scripts/apply_delta.py" />
    <File Path=".claude/skills/spec-driven/scripts/hotspots.py" />
    <File Path=".claude/skills/spec-driven/scripts/lint_spec.py" />
    <File Path=".claude/skills/spec-driven/scripts/lint_tasks.py" />
    <File Path=".claude/skills/spec-driven/scripts/lint_validation.py" />
    <File Path=".claude/skills/spec-driven/scripts/sensor_scratch.py" />
    <File Path=".claude/skills/spec-driven/scripts/seq.py" />
  </Folder>
  <Folder Name="/.claude/skills/spec-driven/scripts/tests/">
    <File Path=".claude/skills/spec-driven/scripts/tests/__init__.py" />
    <File Path=".claude/skills/spec-driven/scripts/tests/test_apply_delta.py" />
    <File Path=".claude/skills/spec-driven/scripts/tests/test_docs_consistency.py" />
    <File Path=".claude/skills/spec-driven/scripts/tests/test_hotspots.py" />
    <File Path=".claude/skills/spec-driven/scripts/tests/test_lint_spec.py" />
    <File Path=".claude/skills/spec-driven/scripts/tests/test_lint_tasks.py" />
    <File Path=".claude/skills/spec-driven/scripts/tests/test_lint_validation.py" />
    <File Path=".claude/skills/spec-driven/scripts/tests/test_sensor_scratch.py" />
    <File Path=".claude/skills/spec-driven/scripts/tests/test_seq.py" />
  </Folder>
  <Folder Name="/.github/" />
  <Folder Name="/.github/scripts/">
    <File Path=".github/scripts/check_commit.py" />
  </Folder>
  <Folder Name="/.github/scripts/tests/">
    <File Path=".github/scripts/tests/__init__.py" />
    <File Path=".github/scripts/tests/test_check_commit.py" />
  </Folder>
  <Folder Name="/.github/workflows/">
    <File Path=".github/workflows/skills.yml" />
  </Folder>
  <Folder Name="/docs/" />
  <Folder Name="/docs/prd/">
    <File Path="docs/prd/0000-platform-overview.md" />
    <File Path="docs/prd/0001-offering-offer-lifecycle.md" />
    <File Path="docs/prd/0002-reservation-book-reservation-lifecycle.md" />
    <File Path="docs/prd/0003-allocation-book-processing.md" />
  </Folder>
  <Folder Name="/docs/specs/" />
  <Folder Name="/docs/specs/allocation/" />
  <Folder Name="/docs/specs/allocation/book-processing/" />
  <Folder Name="/docs/specs/allocation/book-processing/changes/" />
  <Folder Name="/docs/specs/allocation/book-processing/changes/0003-book-processing/">
    <File Path="docs/specs/allocation/book-processing/changes/0003-book-processing/spec.md" />
  </Folder>
  <Folder Name="/docs/specs/offering/" />
  <Folder Name="/docs/specs/offering/offer-lifecycle/" />
  <Folder Name="/docs/specs/offering/offer-lifecycle/changes/" />
  <Folder Name="/docs/specs/offering/offer-lifecycle/changes/0001-offer-lifecycle/">
    <File Path="docs/specs/offering/offer-lifecycle/changes/0001-offer-lifecycle/spec.md" />
  </Folder>
  <Folder Name="/docs/specs/reservation-book/" />
  <Folder Name="/docs/specs/reservation-book/reservation-lifecycle/" />
  <Folder Name="/docs/specs/reservation-book/reservation-lifecycle/changes/" />
  <Folder Name="/docs/specs/reservation-book/reservation-lifecycle/changes/0002-reservation-lifecycle/">
    <File Path="docs/specs/reservation-book/reservation-lifecycle/changes/0002-reservation-lifecycle/spec.md" />
  </Folder>
  <Folder Name="/SolutionItems/">
    <File Path=".editorconfig" />
    <File Path=".gitattributes" />
    <File Path=".gitignore" />
    <File Path="CLAUDE.md" />
    <File Path="Directory.Build.props" />
    <File Path="Directory.Packages.props" />
    <File Path="README.md" />
  </Folder>
  <Folder Name="/src/">
    <Project Path="src/Allocation/Allocation.csproj" />
    <Project Path="src/AppHost/AppHost.csproj" />
    <Project Path="src/DataMigration/DataMigration.csproj" />
    <Project Path="src/Offering/Offering.csproj" />
    <Project Path="src/ReservationBook/ReservationBook.csproj" />
    <Project Path="src/ServiceDefaults/ServiceDefaults.csproj" />
  </Folder>
  <Folder Name="/tests/">
    <Project Path="tests/IntegrationTests/IntegrationTests.csproj" />
    <Project Path="tests/UnitTests/UnitTests.csproj" />
  </Folder>
</Solution>
